
Microsoft Visual Studio Solution File, Format Version 12.00
# Visual Studio 15
VisualStudioVersion = 15.0.27428.1
MinimumVisualStudioVersion = 10.0.40219.1
Project("{FAE04EC0-301F-11D3-BF4B-00C04F79EFBC}") = "prj_09_array", "prj_09_array\prj_09_array.csproj", "{22D1471F-D4F9-47A6-92D0-586E50553804}"
EndProject
Global
	GlobalSection(SolutionConfigurationPlatforms) = preSolution
		Debug|Any CPU = Debug|Any CPU
		Release|Any CPU = Release|Any CPU
	EndGlobalSection
	GlobalSection(ProjectConfigurationPlatforms) = postSolution
		{22D1471F-D4F9-47A6-92D0-586E50553804}.Debug|Any CPU.ActiveCfg = Debug|Any CPU
		{22D1471F-D4F9-47A6-92D0-586E50553804}.Debug|Any CPU.Build.0 = Debug|Any CPU
		{22D1471F-D4F9-47A6-92D0-586E50553804}.Release|Any CPU.ActiveCfg = Release|Any CPU
		{22D1471F-D4F9-47A6-92D0-586E50553804}.Release|Any CPU.Build.0 = Release|Any CPU
	EndGlobalSection
	GlobalSection(SolutionProperties) = preSolution
		HideSolutionNode = FALSE
	EndGlobalSection
	GlobalSection(ExtensibilityGlobals) = postSolution
		SolutionGuid = {41E7F384-A3A5-4512-B6EE-8CBF26508CF6}
	EndGlobalSection
EndGlobal
