
Microsoft Visual Studio Solution File, Format Version 12.00
# Visual Studio 15
VisualStudioVersion = 15.0.27428.1
MinimumVisualStudioVersion = 10.0.40219.1
Project("{FAE04EC0-301F-11D3-BF4B-00C04F79EFBC}") = "prj_14_compras", "prj_14_compras\prj_14_compras.csproj", "{79E09153-3C27-4032-9208-50AC09391493}"
EndProject
Global
	GlobalSection(SolutionConfigurationPlatforms) = preSolution
		Debug|Any CPU = Debug|Any CPU
		Release|Any CPU = Release|Any CPU
	EndGlobalSection
	GlobalSection(ProjectConfigurationPlatforms) = postSolution
		{79E09153-3C27-4032-9208-50AC09391493}.Debug|Any CPU.ActiveCfg = Debug|Any CPU
		{79E09153-3C27-4032-9208-50AC09391493}.Debug|Any CPU.Build.0 = Debug|Any CPU
		{79E09153-3C27-4032-9208-50AC09391493}.Release|Any CPU.ActiveCfg = Release|Any CPU
		{79E09153-3C27-4032-9208-50AC09391493}.Release|Any CPU.Build.0 = Release|Any CPU
	EndGlobalSection
	GlobalSection(SolutionProperties) = preSolution
		HideSolutionNode = FALSE
	EndGlobalSection
	GlobalSection(ExtensibilityGlobals) = postSolution
		SolutionGuid = {83684D71-A633-4888-A1F5-F53BE587DDE6}
	EndGlobalSection
EndGlobal
